// !$*UTF8*$!
{
	archiveVersion = 1;
	classes = {
	};
	objectVersion = 50;
	objects = {

/* Begin PBXBuildFile section */
		0B023B9E22FFEDFE000FF5F6 /* AppDelegate.swift in Sources */ = {isa = PBXBuildFile; fileRef = 0B023B9D22FFEDFE000FF5F6 /* AppDelegate.swift */; };
		0B023BA322FFEDFE000FF5F6 /* Main.storyboard in Resources */ = {isa = PBXBuildFile; fileRef = 0B023BA122FFEDFE000FF5F6 /* Main.storyboard */; };
		0B023BA522FFEDFF000FF5F6 /* Assets.xcassets in Resources */ = {isa = PBXBuildFile; fileRef = 0B023BA422FFEDFF000FF5F6 /* Assets.xcassets */; };
		0B023BA822FFEDFF000FF5F6 /* LaunchScreen.storyboard in Resources */ = {isa = PBXBuildFile; fileRef = 0B023BA622FFEDFF000FF5F6 /* LaunchScreen.storyboard */; };
		0B023BB222FFEF20000FF5F6 /* ConcurrentOperation.swift in Sources */ = {isa = PBXBuildFile; fileRef = 0B023BB122FFEF20000FF5F6 /* ConcurrentOperation.swift */; };
		0B023BB422FFF440000FF5F6 /* Users.swift in Sources */ = {isa = PBXBuildFile; fileRef = 0B023BB322FFF440000FF5F6 /* Users.swift */; };
		0B023BB622FFF890000FF5F6 /* UsersController.swift in Sources */ = {isa = PBXBuildFile; fileRef = 0B023BB522FFF890000FF5F6 /* UsersController.swift */; };
		0B023BB822FFFC20000FF5F6 /* UsersTableViewController.swift in Sources */ = {isa = PBXBuildFile; fileRef = 0B023BB722FFFC20000FF5F6 /* UsersTableViewController.swift */; };
		0B023BBA22FFFC3D000FF5F6 /* UserDetailViewController.swift in Sources */ = {isa = PBXBuildFile; fileRef = 0B023BB922FFFC3D000FF5F6 /* UserDetailViewController.swift */; };
		0B023BBC22FFFC5C000FF5F6 /* UsersTableViewCell.swift in Sources */ = {isa = PBXBuildFile; fileRef = 0B023BBB22FFFC5C000FF5F6 /* UsersTableViewCell.swift */; };
		0B17F0702300ACBA000F4DD8 /* Cache.swift in Sources */ = {isa = PBXBuildFile; fileRef = 0B17F06F2300ACBA000F4DD8 /* Cache.swift */; };
		0B17F0722300B5EB000F4DD8 /* FetchPhotoOperation.swift in Sources */ = {isa = PBXBuildFile; fileRef = 0B17F0712300B5EB000F4DD8 /* FetchPhotoOperation.swift */; };
/* End PBXBuildFile section */

/* Begin PBXFileReference section */
		0B023B9A22FFEDFE000FF5F6 /* IntermediateCodableAndNSOperation.app */ = {isa = PBXFileReference; explicitFileType = wrapper.application; includeInIndex = 0; path = IntermediateCodableAndNSOperation.app; sourceTree = BUILT_PRODUCTS_DIR; };
		0B023B9D22FFEDFE000FF5F6 /* AppDelegate.swift */ = {isa = PBXFileReference; lastKnownFileType = sourcecode.swift; path = AppDelegate.swift; sourceTree = "<group>"; };
		0B023BA222FFEDFE000FF5F6 /* Base */ = {isa = PBXFileReference; lastKnownFileType = file.storyboard; name = Base; path = Base.lproj/Main.storyboard; sourceTree = "<group>"; };
		0B023BA422FFEDFF000FF5F6 /* Assets.xcassets */ = {isa = PBXFileReference; lastKnownFileType = folder.assetcatalog; path = Assets.xcassets; sourceTree = "<group>"; };
		0B023BA722FFEDFF000FF5F6 /* Base */ = {isa = PBXFileReference; lastKnownFileType = file.storyboard; name = Base; path = Base.lproj/LaunchScreen.storyboard; sourceTree = "<group>"; };
		0B023BA922FFEDFF000FF5F6 /* Info.plist */ = {isa = PBXFileReference; lastKnownFileType = text.plist.xml; path = Info.plist; sourceTree = "<group>"; };
		0B023BB122FFEF20000FF5F6 /* ConcurrentOperation.swift */ = {isa = PBXFileReference; fileEncoding = 4; lastKnownFileType = sourcecode.swift; path = ConcurrentOperation.swift; sourceTree = "<group>"; };
		0B023BB322FFF440000FF5F6 /* Users.swift */ = {isa = PBXFileReference; lastKnownFileType = sourcecode.swift; path = Users.swift; sourceTree = "<group>"; };
		0B023BB522FFF890000FF5F6 /* UsersController.swift */ = {isa = PBXFileReference; lastKnownFileType = sourcecode.swift; path = UsersController.swift; sourceTree = "<group>"; };
		0B023BB722FFFC20000FF5F6 /* UsersTableViewController.swift */ = {isa = PBXFileReference; lastKnownFileType = sourcecode.swift; path = UsersTableViewController.swift; sourceTree = "<group>"; };
		0B023BB922FFFC3D000FF5F6 /* UserDetailViewController.swift */ = {isa = PBXFileReference; lastKnownFileType = sourcecode.swift; path = UserDetailViewController.swift; sourceTree = "<group>"; };
		0B023BBB22FFFC5C000FF5F6 /* UsersTableViewCell.swift */ = {isa = PBXFileReference; lastKnownFileType = sourcecode.swift; path = UsersTableViewCell.swift; sourceTree = "<group>"; };
		0B17F06F2300ACBA000F4DD8 /* Cache.swift */ = {isa = PBXFileReference; lastKnownFileType = sourcecode.swift; path = Cache.swift; sourceTree = "<group>"; };
		0B17F0712300B5EB000F4DD8 /* FetchPhotoOperation.swift */ = {isa = PBXFileReference; lastKnownFileType = sourcecode.swift; path = FetchPhotoOperation.swift; sourceTree = "<group>"; };
/* End PBXFileReference section */

/* Begin PBXFrameworksBuildPhase section */
		0B023B9722FFEDFE000FF5F6 /* Frameworks */ = {
			isa = PBXFrameworksBuildPhase;
			buildActionMask = 2147483647;
			files = (
			);
			runOnlyForDeploymentPostprocessing = 0;
		};
/* End PBXFrameworksBuildPhase section */

/* Begin PBXGroup section */
		0B023B9122FFEDFE000FF5F6 = {
			isa = PBXGroup;
			children = (
				0B023B9C22FFEDFE000FF5F6 /* IntermediateCodableAndNSOperation */,
				0B023B9B22FFEDFE000FF5F6 /* Products */,
			);
			sourceTree = "<group>";
		};
		0B023B9B22FFEDFE000FF5F6 /* Products */ = {
			isa = PBXGroup;
			children = (
				0B023B9A22FFEDFE000FF5F6 /* IntermediateCodableAndNSOperation.app */,
			);
			name = Products;
			sourceTree = "<group>";
		};
		0B023B9C22FFEDFE000FF5F6 /* IntermediateCodableAndNSOperation */ = {
			isa = PBXGroup;
			children = (
				0B023B9D22FFEDFE000FF5F6 /* AppDelegate.swift */,
				0B023BBD22FFFEDC000FF5F6 /* Operations */,
				0B023BB722FFFC20000FF5F6 /* UsersTableViewController.swift */,
				0B023BBB22FFFC5C000FF5F6 /* UsersTableViewCell.swift */,
				0B023BB922FFFC3D000FF5F6 /* UserDetailViewController.swift */,
				0B023BBE22FFFEE8000FF5F6 /* Models */,
				0B17F06F2300ACBA000F4DD8 /* Cache.swift */,
				0B023BB522FFF890000FF5F6 /* UsersController.swift */,
				0B023BA122FFEDFE000FF5F6 /* Main.storyboard */,
				0B023BA422FFEDFF000FF5F6 /* Assets.xcassets */,
				0B023BA622FFEDFF000FF5F6 /* LaunchScreen.storyboard */,
				0B023BA922FFEDFF000FF5F6 /* Info.plist */,
			);
			path = IntermediateCodableAndNSOperation;
			sourceTree = "<group>";
		};
		0B023BBD22FFFEDC000FF5F6 /* Operations */ = {
			isa = PBXGroup;
			children = (
				0B023BB122FFEF20000FF5F6 /* ConcurrentOperation.swift */,
				0B17F0712300B5EB000F4DD8 /* FetchPhotoOperation.swift */,
			);
			path = Operations;
			sourceTree = "<group>";
		};
		0B023BBE22FFFEE8000FF5F6 /* Models */ = {
			isa = PBXGroup;
			children = (
				0B023BB322FFF440000FF5F6 /* Users.swift */,
			);
			path = Models;
			sourceTree = "<group>";
		};
/* End PBXGroup section */

/* Begin PBXNativeTarget section */
		0B023B9922FFEDFE000FF5F6 /* IntermediateCodableAndNSOperation */ = {
			isa = PBXNativeTarget;
			buildConfigurationList = 0B023BAC22FFEDFF000FF5F6 /* Build configuration list for PBXNativeTarget "IntermediateCodableAndNSOperation" */;
			buildPhases = (
				0B023B9622FFEDFE000FF5F6 /* Sources */,
				0B023B9722FFEDFE000FF5F6 /* Frameworks */,
				0B023B9822FFEDFE000FF5F6 /* Resources */,
			);
			buildRules = (
			);
			dependencies = (
			);
			name = IntermediateCodableAndNSOperation;
			productName = IntermediateCodableAndNSOperation;
			productReference = 0B023B9A22FFEDFE000FF5F6 /* IntermediateCodableAndNSOperation.app */;
			productType = "com.apple.product-type.application";
		};
/* End PBXNativeTarget section */

/* Begin PBXProject section */
		0B023B9222FFEDFE000FF5F6 /* Project object */ = {
			isa = PBXProject;
			attributes = {
				LastSwiftUpdateCheck = 1020;
				LastUpgradeCheck = 1020;
				ORGANIZATIONNAME = "Dongwoo Pae";
				TargetAttributes = {
					0B023B9922FFEDFE000FF5F6 = {
						CreatedOnToolsVersion = 10.2.1;
					};
				};
			};
			buildConfigurationList = 0B023B9522FFEDFE000FF5F6 /* Build configuration list for PBXProject "IntermediateCodableAndNSOperation" */;
			compatibilityVersion = "Xcode 9.3";
			developmentRegion = en;
			hasScannedForEncodings = 0;
			knownRegions = (
				en,
				Base,
			);
			mainGroup = 0B023B9122FFEDFE000FF5F6;
			productRefGroup = 0B023B9B22FFEDFE000FF5F6 /* Products */;
			projectDirPath = "";
			projectRoot = "";
			targets = (
				0B023B9922FFEDFE000FF5F6 /* IntermediateCodableAndNSOperation */,
			);
		};
/* End PBXProject section */

/* Begin PBXResourcesBuildPhase section */
		0B023B9822FFEDFE000FF5F6 /* Resources */ = {
			isa = PBXResourcesBuildPhase;
			buildActionMask = 2147483647;
			files = (
				0B023BA822FFEDFF000FF5F6 /* LaunchScreen.storyboard in Resources */,
				0B023BA522FFEDFF000FF5F6 /* Assets.xcassets in Resources */,
				0B023BA322FFEDFE000FF5F6 /* Main.storyboard in Resources */,
			);
			runOnlyForDeploymentPostprocessing = 0;
		};
/* End PBXResourcesBuildPhase section */

/* Begin PBXSourcesBuildPhase section */
		0B023B9622FFEDFE000FF5F6 /* Sources */ = {
			isa = PBXSourcesBuildPhase;
			buildActionMask = 2147483647;
			files = (
				0B023BB422FFF440000FF5F6 /* Users.swift in Sources */,
				0B023BB222FFEF20000FF5F6 /* ConcurrentOperation.swift in Sources */,
				0B17F0722300B5EB000F4DD8 /* FetchPhotoOperation.swift in Sources */,
				0B17F0702300ACBA000F4DD8 /* Cache.swift in Sources */,
				0B023BBA22FFFC3D000FF5F6 /* UserDetailViewController.swift in Sources */,
				0B023BBC22FFFC5C000FF5F6 /* UsersTableViewCell.swift in Sources */,
				0B023BB622FFF890000FF5F6 /* UsersController.swift in Sources */,
				0B023BB822FFFC20000FF5F6 /* UsersTableViewController.swift in Sources */,
				0B023B9E22FFEDFE000FF5F6 /* AppDelegate.swift in Sources */,
			);
			runOnlyForDeploymentPostprocessing = 0;
		};
/* End PBXSourcesBuildPhase section */

/* Begin PBXVariantGroup section */
		0B023BA122FFEDFE000FF5F6 /* Main.storyboard */ = {
			isa = PBXVariantGroup;
			children = (
				0B023BA222FFEDFE000FF5F6 /* Base */,
			);
			name = Main.storyboard;
			sourceTree = "<group>";
		};
		0B023BA622FFEDFF000FF5F6 /* LaunchScreen.storyboard */ = {
			isa = PBXVariantGroup;
			children = (
				0B023BA722FFEDFF000FF5F6 /* Base */,
			);
			name = LaunchScreen.storyboard;
			sourceTree = "<group>";
		};
/* End PBXVariantGroup section */

/* Begin XCBuildConfiguration section */
		0B023BAA22FFEDFF000FF5F6 /* Debug */ = {
			isa = XCBuildConfiguration;
			buildSettings = {
				ALWAYS_SEARCH_USER_PATHS = NO;
				CLANG_ANALYZER_NONNULL = YES;
				CLANG_ANALYZER_NUMBER_OBJECT_CONVERSION = YES_AGGRESSIVE;
				CLANG_CXX_LANGUAGE_STANDARD = "gnu++14";
				CLANG_CXX_LIBRARY = "libc++";
				CLANG_ENABLE_MODULES = YES;
				CLANG_ENABLE_OBJC_ARC = YES;
				CLANG_ENABLE_OBJC_WEAK = YES;
				CLANG_WARN_BLOCK_CAPTURE_AUTORELEASING = YES;
				CLANG_WARN_BOOL_CONVERSION = YES;
				CLANG_WARN_COMMA = YES;
				CLANG_WARN_CONSTANT_CONVERSION = YES;
				CLANG_WARN_DEPRECATED_OBJC_IMPLEMENTATIONS = YES;
				CLANG_WARN_DIRECT_OBJC_ISA_USAGE = YES_ERROR;
				CLANG_WARN_DOCUMENTATION_COMMENTS = YES;
				CLANG_WARN_EMPTY_BODY = YES;
				CLANG_WARN_ENUM_CONVERSION = YES;
				CLANG_WARN_INFINITE_RECURSION = YES;
				CLANG_WARN_INT_CONVERSION = YES;
				CLANG_WARN_NON_LITERAL_NULL_CONVERSION = YES;
				CLANG_WARN_OBJC_IMPLICIT_RETAIN_SELF = YES;
				CLANG_WARN_OBJC_LITERAL_CONVERSION = YES;
				CLANG_WARN_OBJC_ROOT_CLASS = YES_ERROR;
				CLANG_WARN_RANGE_LOOP_ANALYSIS = YES;
				CLANG_WARN_STRICT_PROTOTYPES = YES;
				CLANG_WARN_SUSPICIOUS_MOVE = YES;
				CLANG_WARN_UNGUARDED_AVAILABILITY = YES_AGGRESSIVE;
				CLANG_WARN_UNREACHABLE_CODE = YES;
				CLANG_WARN__DUPLICATE_METHOD_MATCH = YES;
				CODE_SIGN_IDENTITY = "iPhone Developer";
				COPY_PHASE_STRIP = NO;
				DEBUG_INFORMATION_FORMAT = dwarf;
				ENABLE_STRICT_OBJC_MSGSEND = YES;
				ENABLE_TESTABILITY = YES;
				GCC_C_LANGUAGE_STANDARD = gnu11;
				GCC_DYNAMIC_NO_PIC = NO;
				GCC_NO_COMMON_BLOCKS = YES;
				GCC_OPTIMIZATION_LEVEL = 0;
				GCC_PREPROCESSOR_DEFINITIONS = (
					"DEBUG=1",
					"$(inherited)",
				);
				GCC_WARN_64_TO_32_BIT_CONVERSION = YES;
				GCC_WARN_ABOUT_RETURN_TYPE = YES_ERROR;
				GCC_WARN_UNDECLARED_SELECTOR = YES;
				GCC_WARN_UNINITIALIZED_AUTOS = YES_AGGRESSIVE;
				GCC_WARN_UNUSED_FUNCTION = YES;
				GCC_WARN_UNUSED_VARIABLE = YES;
				IPHONEOS_DEPLOYMENT_TARGET = 12.2;
				MTL_ENABLE_DEBUG_INFO = INCLUDE_SOURCE;
				MTL_FAST_MATH = YES;
				ONLY_ACTIVE_ARCH = YES;
				SDKROOT = iphoneos;
				SWIFT_ACTIVE_COMPILATION_CONDITIONS = DEBUG;
				SWIFT_OPTIMIZATION_LEVEL = "-Onone";
			};
			name = Debug;
		};
		0B023BAB22FFEDFF000FF5F6 /* Release */ = {
			isa = XCBuildConfiguration;
			buildSettings = {
				ALWAYS_SEARCH_USER_PATHS = NO;
				CLANG_ANALYZER_NONNULL = YES;
				CLANG_ANALYZER_NUMBER_OBJECT_CONVERSION = YES_AGGRESSIVE;
				CLANG_CXX_LANGUAGE_STANDARD = "gnu++14";
				CLANG_CXX_LIBRARY = "libc++";
				CLANG_ENABLE_MODULES = YES;
				CLANG_ENABLE_OBJC_ARC = YES;
				CLANG_ENABLE_OBJC_WEAK = YES;
				CLANG_WARN_BLOCK_CAPTURE_AUTORELEASING = YES;
				CLANG_WARN_BOOL_CONVERSION = YES;
				CLANG_WARN_COMMA = YES;
				CLANG_WARN_CONSTANT_CONVERSION = YES;
				CLANG_WARN_DEPRECATED_OBJC_IMPLEMENTATIONS = YES;
				CLANG_WARN_DIRECT_OBJC_ISA_USAGE = YES_ERROR;
				CLANG_WARN_DOCUMENTATION_COMMENTS = YES;
				CLANG_WARN_EMPTY_BODY = YES;
				CLANG_WARN_ENUM_CONVERSION = YES;
				CLANG_WARN_INFINITE_RECURSION = YES;
				CLANG_WARN_INT_CONVERSION = YES;
				CLANG_WARN_NON_LITERAL_NULL_CONVERSION = YES;
				CLANG_WARN_OBJC_IMPLICIT_RETAIN_SELF = YES;
				CLANG_WARN_OBJC_LITERAL_CONVERSION = YES;
				CLANG_WARN_OBJC_ROOT_CLASS = YES_ERROR;
				CLANG_WARN_RANGE_LOOP_ANALYSIS = YES;
				CLANG_WARN_STRICT_PROTOTYPES = YES;
				CLANG_WARN_SUSPICIOUS_MOVE = YES;
				CLANG_WARN_UNGUARDED_AVAILABILITY = YES_AGGRESSIVE;
				CLANG_WARN_UNREACHABLE_CODE = YES;
				CLANG_WARN__DUPLICATE_METHOD_MATCH = YES;
				CODE_SIGN_IDENTITY = "iPhone Developer";
				COPY_PHASE_STRIP = NO;
				DEBUG_INFORMATION_FORMAT = "dwarf-with-dsym";
				ENABLE_NS_ASSERTIONS = NO;
				ENABLE_STRICT_OBJC_MSGSEND = YES;
				GCC_C_LANGUAGE_STANDARD = gnu11;
				GCC_NO_COMMON_BLOCKS = YES;
				GCC_WARN_64_TO_32_BIT_CONVERSION = YES;
				GCC_WARN_ABOUT_RETURN_TYPE = YES_ERROR;
				GCC_WARN_UNDECLARED_SELECTOR = YES;
				GCC_WARN_UNINITIALIZED_AUTOS = YES_AGGRESSIVE;
				GCC_WARN_UNUSED_FUNCTION = YES;
				GCC_WARN_UNUSED_VARIABLE = YES;
				IPHONEOS_DEPLOYMENT_TARGET = 12.2;
				MTL_ENABLE_DEBUG_INFO = NO;
				MTL_FAST_MATH = YES;
				SDKROOT = iphoneos;
				SWIFT_COMPILATION_MODE = wholemodule;
				SWIFT_OPTIMIZATION_LEVEL = "-O";
				VALIDATE_PRODUCT = YES;
			};
			name = Release;
		};
		0B023BAD22FFEDFF000FF5F6 /* Debug */ = {
			isa = XCBuildConfiguration;
			buildSettings = {
				ASSETCATALOG_COMPILER_APPICON_NAME = AppIcon;
				CODE_SIGN_STYLE = Automatic;
				DEVELOPMENT_TEAM = C22Z4773SH;
				INFOPLIST_FILE = IntermediateCodableAndNSOperation/Info.plist;
				LD_RUNPATH_SEARCH_PATHS = (
					"$(inherited)",
					"@executable_path/Frameworks",
				);
				PRODUCT_BUNDLE_IDENTIFIER = com.dongwoopae.IntermediateCodableAndNSOperation;
				PRODUCT_NAME = "$(TARGET_NAME)";
				SWIFT_VERSION = 5.0;
				TARGETED_DEVICE_FAMILY = "1,2";
			};
			name = Debug;
		};
		0B023BAE22FFEDFF000FF5F6 /* Release */ = {
			isa = XCBuildConfiguration;
			buildSettings = {
				ASSETCATALOG_COMPILER_APPICON_NAME = AppIcon;
				CODE_SIGN_STYLE = Automatic;
				DEVELOPMENT_TEAM = C22Z4773SH;
				INFOPLIST_FILE = IntermediateCodableAndNSOperation/Info.plist;
				LD_RUNPATH_SEARCH_PATHS = (
					"$(inherited)",
					"@executable_path/Frameworks",
				);
				PRODUCT_BUNDLE_IDENTIFIER = com.dongwoopae.IntermediateCodableAndNSOperation;
				PRODUCT_NAME = "$(TARGET_NAME)";
				SWIFT_VERSION = 5.0;
				TARGETED_DEVICE_FAMILY = "1,2";
			};
			name = Release;
		};
/* End XCBuildConfiguration section */

/* Begin XCConfigurationList section */
		0B023B9522FFEDFE000FF5F6 /* Build configuration list for PBXProject "IntermediateCodableAndNSOperation" */ = {
			isa = XCConfigurationList;
			buildConfigurations = (
				0B023BAA22FFEDFF000FF5F6 /* Debug */,
				0B023BAB22FFEDFF000FF5F6 /* Release */,
			);
			defaultConfigurationIsVisible = 0;
			defaultConfigurationName = Release;
		};
		0B023BAC22FFEDFF000FF5F6 /* Build configuration list for PBXNativeTarget "IntermediateCodableAndNSOperation" */ = {
			isa = XCConfigurationList;
			buildConfigurations = (
				0B023BAD22FFEDFF000FF5F6 /* Debug */,
				0B023BAE22FFEDFF000FF5F6 /* Release */,
			);
			defaultConfigurationIsVisible = 0;
			defaultConfigurationName = Release;
		};
/* End XCConfigurationList section */
	};
	rootObject = 0B023B9222FFEDFE000FF5F6 /* Project object */;
}
